// !$*UTF8*$!
{
	archiveVersion = 1;
	classes = {
	};
	objectVersion = 54;
	objects = {

/* Begin PBXBuildFile section */
		1A001000 /* AppDelegate.swift in Sources */ = {isa = PBXBuildFile; fileRef = 1A000FFF /* AppDelegate.swift */; };
		1A001002 /* SceneDelegate.swift in Sources */ = {isa = PBXBuildFile; fileRef = 1A001001 /* SceneDelegate.swift */; };
		1A001004 /* MainViewController.swift in Sources */ = {isa = PBXBuildFile; fileRef = 1A001003 /* MainViewController.swift */; };
		1A001007 /* Main.storyboard in Resources */ = {isa = PBXBuildFile; fileRef = 1A001005 /* Main.storyboard */; };
		1A001009 /* Assets.xcassets in Resources */ = {isa = PBXBuildFile; fileRef = 1A001008 /* Assets.xcassets */; };
		1A00100C /* LaunchScreen.storyboard in Resources */ = {isa = PBXBuildFile; fileRef = 1A00100A /* LaunchScreen.storyboard */; };
		1A00100F /* HealerKit.xcdatamodeld in Sources */ = {isa = PBXBuildFile; fileRef = 1A00100D /* HealerKit.xcdatamodeld */; };
		1A001040 /* HealerUIKit.framework in Frameworks */ = {isa = PBXBuildFile; fileRef = 1A001035 /* HealerUIKit.framework */; };
		1A001041 /* HealerUIKit.framework in Embed Frameworks */ = {isa = PBXBuildFile; fileRef = 1A001035 /* HealerUIKit.framework */; settings = {ATTRIBUTES = (CodeSignOnCopy, RemoveHeadersOnCopy, ); }; };
		1A001090 /* DungeonKit.framework in Frameworks */ = {isa = PBXBuildFile; fileRef = 1A001015 /* DungeonKit.framework */; };
		1A001093 /* AbilityKit.framework in Frameworks */ = {isa = PBXBuildFile; fileRef = 1A001025 /* AbilityKit.framework */; };
		1A001094 /* IntegrationTests.swift in Sources */ = {isa = PBXBuildFile; fileRef = 1A001048 /* IntegrationTests.swift */; };
		1A002000 /* DungeonKit.swift in Sources */ = {isa = PBXBuildFile; fileRef = 1A001FFF /* DungeonKit.swift */; };
		1A003000 /* AbilityKit.swift in Sources */ = {isa = PBXBuildFile; fileRef = 1A002FFF /* AbilityKit.swift */; };
		1A004000 /* HealerUIKit.swift in Sources */ = {isa = PBXBuildFile; fileRef = 1A003FFF /* HealerUIKit.swift */; };
		1AFD1001 /* Services/DungeonDataProvider.swift in Sources */ = {isa = PBXBuildFile; fileRef = 1AFD0001 /* Services/DungeonDataProvider.swift */; };
		1AFD1002 /* Services/SeasonDataProvider.swift in Sources */ = {isa = PBXBuildFile; fileRef = 1AFD0002 /* Services/SeasonDataProvider.swift */; };
		1AFD1003 /* SharedTypes.swift in Sources */ = {isa = PBXBuildFile; fileRef = 1AFD0003 /* SharedTypes.swift */; };
		1AFD1004 /* SharedTypes.swift in Sources */ = {isa = PBXBuildFile; fileRef = 1AFD0003 /* SharedTypes.swift */; };
		1AFFB048 /* HealerKitTests.swift in Sources */ = {isa = PBXBuildFile; fileRef = 1A001047 /* HealerKitTests.swift */; };
		DD8014840002 /* DungeonTests.swift in Sources */ = {isa = PBXBuildFile; fileRef = DD8014840001 /* DungeonTests.swift */; };
		DD8014840004 /* BossEncounterTests.swift in Sources */ = {isa = PBXBuildFile; fileRef = DD8014840003 /* BossEncounterTests.swift */; };
		DD8014840006 /* SeasonTests.swift in Sources */ = {isa = PBXBuildFile; fileRef = DD8014840005 /* SeasonTests.swift */; };
/* End PBXBuildFile section */

/* Begin PBXContainerItemProxy section */
		A194BCD12E7873C400DC3B4F /* PBXContainerItemProxy */ = {
			isa = PBXContainerItemProxy;
			containerPortal = 1A000FF4 /* Project object */;
			proxyType = 1;
			remoteGlobalIDString = 1A001024;
			remoteInfo = AbilityKit;
		};
		A194BCD22E7873C400DC3B4F /* PBXContainerItemProxy */ = {
			isa = PBXContainerItemProxy;
			containerPortal = 1A000FF4 /* Project object */;
			proxyType = 1;
			remoteGlobalIDString = 1A001014;
			remoteInfo = DungeonKit;
		};
		A194BCD32E7873C400DC3B4F /* PBXContainerItemProxy */ = {
			isa = PBXContainerItemProxy;
			containerPortal = 1A000FF4 /* Project object */;
			proxyType = 1;
			remoteGlobalIDString = 1A001034;
			remoteInfo = HealerUIKit;
		};
		A194BCD42E7873C400DC3B4F /* PBXContainerItemProxy */ = {
			isa = PBXContainerItemProxy;
			containerPortal = 1A000FF4 /* Project object */;
			proxyType = 1;
			remoteGlobalIDString = 1A000FFB;
			remoteInfo = HealerKit;
		};
		A194BCD52E7873C400DC3B4F /* PBXContainerItemProxy */ = {
			isa = PBXContainerItemProxy;
			containerPortal = 1A000FF4 /* Project object */;
			proxyType = 1;
			remoteGlobalIDString = 1A001024;
			remoteInfo = AbilityKit;
		};
		A194BCD62E7873C400DC3B4F /* PBXContainerItemProxy */ = {
			isa = PBXContainerItemProxy;
			containerPortal = 1A000FF4 /* Project object */;
			proxyType = 1;
			remoteGlobalIDString = 1A001034;
			remoteInfo = HealerUIKit;
		};
		A194BCD72E7873C400DC3B4F /* PBXContainerItemProxy */ = {
			isa = PBXContainerItemProxy;
			containerPortal = 1A000FF4 /* Project object */;
			proxyType = 1;
			remoteGlobalIDString = 1A001014;
			remoteInfo = DungeonKit;
		};
/* End PBXContainerItemProxy section */

/* Begin PBXCopyFilesBuildPhase section */
		1A001023 /* Embed Frameworks */ = {
			isa = PBXCopyFilesBuildPhase;
			buildActionMask = 2147483647;
			dstPath = "";
			dstSubfolderSpec = 10;
			files = (
				1A001041 /* HealerUIKit.framework in Embed Frameworks */,
			);
			name = "Embed Frameworks";
			runOnlyForDeploymentPostprocessing = 0;
		};
/* End PBXCopyFilesBuildPhase section */

/* Begin PBXFileReference section */
		1A000FFC /* HealerKit.app */ = {isa = PBXFileReference; explicitFileType = wrapper.application; includeInIndex = 0; path = HealerKit.app; sourceTree = BUILT_PRODUCTS_DIR; };
		1A000FFF /* AppDelegate.swift */ = {isa = PBXFileReference; lastKnownFileType = sourcecode.swift; path = AppDelegate.swift; sourceTree = "<group>"; };
		1A001001 /* SceneDelegate.swift */ = {isa = PBXFileReference; lastKnownFileType = sourcecode.swift; path = SceneDelegate.swift; sourceTree = "<group>"; };
		1A001003 /* MainViewController.swift */ = {isa = PBXFileReference; lastKnownFileType = sourcecode.swift; path = MainViewController.swift; sourceTree = "<group>"; };
		1A001006 /* Base */ = {isa = PBXFileReference; lastKnownFileType = file.storyboard; name = Base; path = Base.lproj/Main.storyboard; sourceTree = "<group>"; };
		1A001008 /* Assets.xcassets */ = {isa = PBXFileReference; lastKnownFileType = folder.assetcatalog; path = Assets.xcassets; sourceTree = "<group>"; };
		1A00100B /* Base */ = {isa = PBXFileReference; lastKnownFileType = file.storyboard; name = Base; path = Base.lproj/LaunchScreen.storyboard; sourceTree = "<group>"; };
		1A00100E /* HealerKit.xcdatamodel */ = {isa = PBXFileReference; lastKnownFileType = wrapper.xcdatamodel; path = HealerKit.xcdatamodel; sourceTree = "<group>"; };
		1A001015 /* DungeonKit.framework */ = {isa = PBXFileReference; explicitFileType = wrapper.framework; includeInIndex = 0; path = DungeonKit.framework; sourceTree = BUILT_PRODUCTS_DIR; };
		1A001017 /* Info.plist */ = {isa = PBXFileReference; lastKnownFileType = text.plist.xml; path = Info.plist; sourceTree = "<group>"; };
		1A001025 /* AbilityKit.framework */ = {isa = PBXFileReference; explicitFileType = wrapper.framework; includeInIndex = 0; path = AbilityKit.framework; sourceTree = BUILT_PRODUCTS_DIR; };
		1A001027 /* Info.plist */ = {isa = PBXFileReference; lastKnownFileType = text.plist.xml; path = Info.plist; sourceTree = "<group>"; };
		1A001035 /* HealerUIKit.framework */ = {isa = PBXFileReference; explicitFileType = wrapper.framework; includeInIndex = 0; path = HealerUIKit.framework; sourceTree = BUILT_PRODUCTS_DIR; };
		1A001037 /* Info.plist */ = {isa = PBXFileReference; lastKnownFileType = text.plist.xml; path = Info.plist; sourceTree = "<group>"; };
		1A001045 /* HealerKitTests.xctest */ = {isa = PBXFileReference; explicitFileType = wrapper.cfbundle; includeInIndex = 0; path = HealerKitTests.xctest; sourceTree = BUILT_PRODUCTS_DIR; };
		1A001047 /* HealerKitTests.swift */ = {isa = PBXFileReference; lastKnownFileType = sourcecode.swift; path = HealerKitTests.swift; sourceTree = "<group>"; };
		1A001048 /* IntegrationTests.swift */ = {isa = PBXFileReference; lastKnownFileType = sourcecode.swift; path = IntegrationTests.swift; sourceTree = "<group>"; };
		1A001049 /* Info.plist */ = {isa = PBXFileReference; lastKnownFileType = text.plist.xml; path = Info.plist; sourceTree = "<group>"; };
		1A001055 /* DungeonKitTests.xctest */ = {isa = PBXFileReference; explicitFileType = wrapper.cfbundle; includeInIndex = 0; path = DungeonKitTests.xctest; sourceTree = BUILT_PRODUCTS_DIR; };
		1A001057 /* DungeonKitTests.swift */ = {isa = PBXFileReference; lastKnownFileType = sourcecode.swift; path = DungeonKitTests.swift; sourceTree = "<group>"; };
		1A001059 /* Info.plist */ = {isa = PBXFileReference; lastKnownFileType = text.plist.xml; path = Info.plist; sourceTree = "<group>"; };
		1A001065 /* AbilityKitTests.xctest */ = {isa = PBXFileReference; explicitFileType = wrapper.cfbundle; includeInIndex = 0; path = AbilityKitTests.xctest; sourceTree = BUILT_PRODUCTS_DIR; };
		1A001067 /* AbilityKitTests.swift */ = {isa = PBXFileReference; lastKnownFileType = sourcecode.swift; path = AbilityKitTests.swift; sourceTree = "<group>"; };
		1A001069 /* Info.plist */ = {isa = PBXFileReference; lastKnownFileType = text.plist.xml; path = Info.plist; sourceTree = "<group>"; };
		1A001075 /* HealerUIKitTests.xctest */ = {isa = PBXFileReference; explicitFileType = wrapper.cfbundle; includeInIndex = 0; path = HealerUIKitTests.xctest; sourceTree = BUILT_PRODUCTS_DIR; };
		1A001077 /* HealerUIKitTests.swift */ = {isa = PBXFileReference; lastKnownFileType = sourcecode.swift; path = HealerUIKitTests.swift; sourceTree = "<group>"; };
		1A001079 /* Info.plist */ = {isa = PBXFileReference; lastKnownFileType = text.plist.xml; path = Info.plist; sourceTree = "<group>"; };
		1A001FFF /* DungeonKit.swift */ = {isa = PBXFileReference; lastKnownFileType = sourcecode.swift; path = DungeonKit.swift; sourceTree = "<group>"; };
		1A002FFF /* AbilityKit.swift */ = {isa = PBXFileReference; lastKnownFileType = sourcecode.swift; path = AbilityKit.swift; sourceTree = "<group>"; };
		1A003FFF /* HealerUIKit.swift */ = {isa = PBXFileReference; lastKnownFileType = sourcecode.swift; path = HealerUIKit.swift; sourceTree = "<group>"; };
		1A0099AA /* Info.plist */ = {isa = PBXFileReference; lastKnownFileType = text.plist.xml; path = Info.plist; sourceTree = "<group>"; };
		1AFD0001 /* Services/DungeonDataProvider.swift */ = {isa = PBXFileReference; lastKnownFileType = sourcecode.swift; path = Services/DungeonDataProvider.swift; sourceTree = "<group>"; };
		1AFD0002 /* Services/SeasonDataProvider.swift */ = {isa = PBXFileReference; lastKnownFileType = sourcecode.swift; path = Services/SeasonDataProvider.swift; sourceTree = "<group>"; };
		1AFD0003 /* SharedTypes.swift */ = {isa = PBXFileReference; lastKnownFileType = sourcecode.swift; name = SharedTypes.swift; path = HealerKitCore/Models/SharedTypes.swift; sourceTree = SOURCE_ROOT; };
		DD8014840001 /* DungeonTests.swift */ = {isa = PBXFileReference; lastKnownFileType = sourcecode.swift; path = DungeonTests.swift; sourceTree = "<group>"; };
		DD8014840003 /* BossEncounterTests.swift */ = {isa = PBXFileReference; lastKnownFileType = sourcecode.swift; path = BossEncounterTests.swift; sourceTree = "<group>"; };
		DD8014840005 /* SeasonTests.swift */ = {isa = PBXFileReference; lastKnownFileType = sourcecode.swift; path = SeasonTests.swift; sourceTree = "<group>"; };
/* End PBXFileReference section */

/* Begin PBXFrameworksBuildPhase section */
		1A000FF9 /* Frameworks */ = {
			isa = PBXFrameworksBuildPhase;
			buildActionMask = 2147483647;
			files = (
				1A001040 /* HealerUIKit.framework in Frameworks */,
			);
			runOnlyForDeploymentPostprocessing = 0;
		};
		1A001012 /* Frameworks */ = {
			isa = PBXFrameworksBuildPhase;
			buildActionMask = 2147483647;
			files = (
			);
			runOnlyForDeploymentPostprocessing = 0;
		};
		1A001022 /* Frameworks */ = {
			isa = PBXFrameworksBuildPhase;
			buildActionMask = 2147483647;
			files = (
				1A001090 /* DungeonKit.framework in Frameworks */,
			);
			runOnlyForDeploymentPostprocessing = 0;
		};
		1A001032 /* Frameworks */ = {
			isa = PBXFrameworksBuildPhase;
			buildActionMask = 2147483647;
			files = (
				1A001093 /* AbilityKit.framework in Frameworks */,
			);
			runOnlyForDeploymentPostprocessing = 0;
		};
		1A001042 /* Frameworks */ = {
			isa = PBXFrameworksBuildPhase;
			buildActionMask = 2147483647;
			files = (
			);
			runOnlyForDeploymentPostprocessing = 0;
		};
		1A001052 /* Frameworks */ = {
			isa = PBXFrameworksBuildPhase;
			buildActionMask = 2147483647;
			files = (
			);
			runOnlyForDeploymentPostprocessing = 0;
		};
		1A001062 /* Frameworks */ = {
			isa = PBXFrameworksBuildPhase;
			buildActionMask = 2147483647;
			files = (
			);
			runOnlyForDeploymentPostprocessing = 0;
		};
		1A001072 /* Frameworks */ = {
			isa = PBXFrameworksBuildPhase;
			buildActionMask = 2147483647;
			files = (
			);
			runOnlyForDeploymentPostprocessing = 0;
		};
/* End PBXFrameworksBuildPhase section */

/* Begin PBXGroup section */
		1A000FF3 = {
			isa = PBXGroup;
			children = (
				1A000FFE /* HealerKit */,
				1A001016 /* DungeonKit */,
				1A001026 /* AbilityKit */,
				1A001036 /* HealerUIKit */,
				1A001046 /* HealerKitTests */,
				1A001056 /* DungeonKitTests */,
				1A001066 /* AbilityKitTests */,
				1A001076 /* HealerUIKitTests */,
				1A000FFD /* Products */,
			);
			sourceTree = "<group>";
		};
		1A000FFD /* Products */ = {
			isa = PBXGroup;
			children = (
				1A000FFC /* HealerKit.app */,
				1A001015 /* DungeonKit.framework */,
				1A001025 /* AbilityKit.framework */,
				1A001035 /* HealerUIKit.framework */,
				1A001045 /* HealerKitTests.xctest */,
				1A001055 /* DungeonKitTests.xctest */,
				1A001065 /* AbilityKitTests.xctest */,
				1A001075 /* HealerUIKitTests.xctest */,
			);
			name = Products;
			sourceTree = "<group>";
		};
		1A000FFE /* HealerKit */ = {
			isa = PBXGroup;
			children = (
				1A000FFF /* AppDelegate.swift */,
				1A001001 /* SceneDelegate.swift */,
				1A001003 /* MainViewController.swift */,
				1A001005 /* Main.storyboard */,
				1A001008 /* Assets.xcassets */,
				1A00100A /* LaunchScreen.storyboard */,
				1A0099AA /* Info.plist */,
				1A00100D /* HealerKit.xcdatamodeld */,
			);
			path = HealerKit;
			sourceTree = "<group>";
		};
		1A001016 /* DungeonKit */ = {
			isa = PBXGroup;
			children = (
				1A001FFF /* DungeonKit.swift */,
				1A001017 /* Info.plist */,
				1AFD0001 /* Services/DungeonDataProvider.swift */,
				1AFD0002 /* Services/SeasonDataProvider.swift */,
			);
			path = DungeonKit;
			sourceTree = "<group>";
		};
		1A001026 /* AbilityKit */ = {
			isa = PBXGroup;
			children = (
				1A002FFF /* AbilityKit.swift */,
				1A001027 /* Info.plist */,
			);
			path = AbilityKit;
			sourceTree = "<group>";
		};
		1A001036 /* HealerUIKit */ = {
			isa = PBXGroup;
			children = (
				1A003FFF /* HealerUIKit.swift */,
				1A001037 /* Info.plist */,
				1AFD0003 /* SharedTypes.swift */,
			);
			path = HealerUIKit;
			sourceTree = "<group>";
		};
		1A001046 /* HealerKitTests */ = {
			isa = PBXGroup;
			children = (
				1A001047 /* HealerKitTests.swift */,
				1A001048 /* IntegrationTests.swift */,
				1A001049 /* Info.plist */,
			);
			path = HealerKitTests;
			sourceTree = "<group>";
		};
		1A001056 /* DungeonKitTests */ = {
			isa = PBXGroup;
			children = (
				1A001057 /* DungeonKitTests.swift */,
				DD8014840100 /* ModelTests */,
				1A001057 /* DungeonKitTests.swift */,
				1A001059 /* Info.plist */,
			);
			path = DungeonKitTests;
			sourceTree = "<group>";
		};
		1A001066 /* AbilityKitTests */ = {
			isa = PBXGroup;
			children = (
				1A001067 /* AbilityKitTests.swift */,
				1A001069 /* Info.plist */,
			);
			path = AbilityKitTests;
			sourceTree = "<group>";
		};
		1A001076 /* HealerUIKitTests */ = {
			isa = PBXGroup;
			children = (
				1A001077 /* HealerUIKitTests.swift */,
				1A001079 /* Info.plist */,
			);
			path = HealerUIKitTests;
			sourceTree = "<group>";
		};
		DD8014840100 /* ModelTests */ = {
			isa = PBXGroup;
			children = (
				DD8014840001 /* DungeonTests.swift */,
				DD8014840003 /* BossEncounterTests.swift */,
				DD8014840005 /* SeasonTests.swift */,
			);
			path = ModelTests;
			sourceTree = "<group>";
		};
/* End PBXGroup section */

/* Begin PBXHeadersBuildPhase section */
		1A001010 /* Headers */ = {
			isa = PBXHeadersBuildPhase;
			buildActionMask = 2147483647;
			files = (
			);
			runOnlyForDeploymentPostprocessing = 0;
		};
		1A00102H /* Headers */ = {
			isa = PBXHeadersBuildPhase;
			buildActionMask = 2147483647;
			files = (
			);
			runOnlyForDeploymentPostprocessing = 0;
		};
		1A00103H /* Headers */ = {
			isa = PBXHeadersBuildPhase;
			buildActionMask = 2147483647;
			files = (
			);
			runOnlyForDeploymentPostprocessing = 0;
		};
/* End PBXHeadersBuildPhase section */

/* Begin PBXNativeTarget section */
		1A000FFB /* HealerKit */ = {
			isa = PBXNativeTarget;
			buildConfigurationList = 1A00108E /* Build configuration list for PBXNativeTarget "HealerKit" */;
			buildPhases = (
				1A000FF8 /* Sources */,
				1A000FF9 /* Frameworks */,
				1A000FFA /* Resources */,
				1A001023 /* Embed Frameworks */,
			);
			buildRules = (
			);
			dependencies = (
				1AFFD003 /* PBXTargetDependency */,
			);
			name = HealerKit;
			productName = HealerKit;
			productReference = 1A000FFC /* HealerKit.app */;
			productType = "com.apple.product-type.application";
		};
		1A001014 /* DungeonKit */ = {
			isa = PBXNativeTarget;
			buildConfigurationList = 1A00101C /* Build configuration list for PBXNativeTarget "DungeonKit" */;
			buildPhases = (
				1A001010 /* Headers */,
				1A001011 /* Sources */,
				1A001012 /* Frameworks */,
				1A001013 /* Resources */,
			);
			buildRules = (
			);
			dependencies = (
			);
			name = DungeonKit;
			productName = DungeonKit;
			productReference = 1A001015 /* DungeonKit.framework */;
			productType = "com.apple.product-type.framework";
		};
		1A001024 /* AbilityKit */ = {
			isa = PBXNativeTarget;
			buildConfigurationList = 1A00102C /* Build configuration list for PBXNativeTarget "AbilityKit" */;
			buildPhases = (
				1A00102H /* Headers */,
				1A00102S /* Sources */,
				1A001022 /* Frameworks */,
				1AFFE023 /* Resources */,
			);
			buildRules = (
			);
			dependencies = (
				1AFFD008 /* PBXTargetDependency */,
			);
			name = AbilityKit;
			productName = AbilityKit;
			productReference = 1A001025 /* AbilityKit.framework */;
			productType = "com.apple.product-type.framework";
		};
		1A001034 /* HealerUIKit */ = {
			isa = PBXNativeTarget;
			buildConfigurationList = 1A00103C /* Build configuration list for PBXNativeTarget "HealerUIKit" */;
			buildPhases = (
				1A00103H /* Headers */,
				1A00103S /* Sources */,
				1A001032 /* Frameworks */,
				1A001033 /* Resources */,
			);
			buildRules = (
			);
			dependencies = (
				1AFFD009 /* PBXTargetDependency */,
			);
			name = HealerUIKit;
			productName = HealerUIKit;
			productReference = 1A001035 /* HealerUIKit.framework */;
			productType = "com.apple.product-type.framework";
		};
		1A001044 /* HealerKitTests */ = {
			isa = PBXNativeTarget;
			buildConfigurationList = 1A00104C /* Build configuration list for PBXNativeTarget "HealerKitTests" */;
			buildPhases = (
				1A0010A1 /* Sources */,
				1A001042 /* Frameworks */,
				1A001043 /* Resources */,
			);
			buildRules = (
			);
			dependencies = (
				1AFFD004 /* PBXTargetDependency */,
			);
			name = HealerKitTests;
			productName = HealerKitTests;
			productReference = 1A001045 /* HealerKitTests.xctest */;
			productType = "com.apple.product-type.bundle.unit-test";
		};
		1A001054 /* DungeonKitTests */ = {
			isa = PBXNativeTarget;
			buildConfigurationList = 1A00105C /* Build configuration list for PBXNativeTarget "DungeonKitTests" */;
			buildPhases = (
				1A001051 /* Sources */,
				1A001052 /* Frameworks */,
				1A001053 /* Resources */,
			);
			buildRules = (
			);
			dependencies = (
				1AFFD005 /* PBXTargetDependency */,
			);
			name = DungeonKitTests;
			productName = DungeonKitTests;
			productReference = 1A001055 /* DungeonKitTests.xctest */;
			productType = "com.apple.product-type.bundle.unit-test";
		};
		1A001064 /* AbilityKitTests */ = {
			isa = PBXNativeTarget;
			buildConfigurationList = 1A00106C /* Build configuration list for PBXNativeTarget "AbilityKitTests" */;
			buildPhases = (
				1A001061 /* Sources */,
				1A001062 /* Frameworks */,
				1A001063 /* Resources */,
			);
			buildRules = (
			);
			dependencies = (
				1AFFD006 /* PBXTargetDependency */,
			);
			name = AbilityKitTests;
			productName = AbilityKitTests;
			productReference = 1A001065 /* AbilityKitTests.xctest */;
			productType = "com.apple.product-type.bundle.unit-test";
		};
		1A001074 /* HealerUIKitTests */ = {
			isa = PBXNativeTarget;
			buildConfigurationList = 1A00107C /* Build configuration list for PBXNativeTarget "HealerUIKitTests" */;
			buildPhases = (
				1A001071 /* Sources */,
				1A001072 /* Frameworks */,
				1A001073 /* Resources */,
			);
			buildRules = (
			);
			dependencies = (
				1AFFD007 /* PBXTargetDependency */,
			);
			name = HealerUIKitTests;
			productName = HealerUIKitTests;
			productReference = 1A001075 /* HealerUIKitTests.xctest */;
			productType = "com.apple.product-type.bundle.unit-test";
		};
/* End PBXNativeTarget section */

/* Begin PBXProject section */
		1A000FF4 /* Project object */ = {
			isa = PBXProject;
			attributes = {
				LastSwiftUpdateCheck = 1500;
				LastUpgradeCheck = 1500;
				TargetAttributes = {
					1A000FFB = {
						CreatedOnToolsVersion = 15.0;
					};
					1A001014 = {
						CreatedOnToolsVersion = 15.0;
					};
					1A001024 = {
						CreatedOnToolsVersion = 15.0;
					};
					1A001034 = {
						CreatedOnToolsVersion = 15.0;
					};
					1A001044 = {
						CreatedOnToolsVersion = 15.0;
						TestTargetID = 1A000FFB;
					};
					1A001054 = {
						CreatedOnToolsVersion = 15.0;
						TestTargetID = 1A001014;
					};
					1A001064 = {
						CreatedOnToolsVersion = 15.0;
						TestTargetID = 1A001024;
					};
					1A001074 = {
						CreatedOnToolsVersion = 15.0;
						TestTargetID = 1A001034;
					};
				};
			};
			buildConfigurationList = 1A000FF7 /* Build configuration list for PBXProject "HealerKit" */;
			compatibilityVersion = "Xcode 12.0";
			developmentRegion = en;
			hasScannedForEncodings = 0;
			knownRegions = (
				en,
				Base,
			);
			mainGroup = 1A000FF3;
			productRefGroup = 1A000FFD /* Products */;
			projectDirPath = "";
			projectRoot = "";
			targets = (
				1A000FFB /* HealerKit */,
				1A001014 /* DungeonKit */,
				1A001024 /* AbilityKit */,
				1A001034 /* HealerUIKit */,
				1A001044 /* HealerKitTests */,
				1A001054 /* DungeonKitTests */,
				1A001064 /* AbilityKitTests */,
				1A001074 /* HealerUIKitTests */,
			);
		};
/* End PBXProject section */

/* Begin PBXResourcesBuildPhase section */
		1A000FFA /* Resources */ = {
			isa = PBXResourcesBuildPhase;
			buildActionMask = 2147483647;
			files = (
				1A00100C /* LaunchScreen.storyboard in Resources */,
				1A001009 /* Assets.xcassets in Resources */,
				1A001007 /* Main.storyboard in Resources */,
			);
			runOnlyForDeploymentPostprocessing = 0;
		};
		1A001013 /* Resources */ = {
			isa = PBXResourcesBuildPhase;
			buildActionMask = 2147483647;
			files = (
			);
			runOnlyForDeploymentPostprocessing = 0;
		};
		1A001033 /* Resources */ = {
			isa = PBXResourcesBuildPhase;
			buildActionMask = 2147483647;
			files = (
			);
			runOnlyForDeploymentPostprocessing = 0;
		};
		1A001043 /* Resources */ = {
			isa = PBXResourcesBuildPhase;
			buildActionMask = 2147483647;
			files = (
			);
			runOnlyForDeploymentPostprocessing = 0;
		};
		1A001053 /* Resources */ = {
			isa = PBXResourcesBuildPhase;
			buildActionMask = 2147483647;
			files = (
			);
			runOnlyForDeploymentPostprocessing = 0;
		};
		1A001063 /* Resources */ = {
			isa = PBXResourcesBuildPhase;
			buildActionMask = 2147483647;
			files = (
			);
			runOnlyForDeploymentPostprocessing = 0;
		};
		1A001073 /* Resources */ = {
			isa = PBXResourcesBuildPhase;
			buildActionMask = 2147483647;
			files = (
			);
			runOnlyForDeploymentPostprocessing = 0;
		};
		1AFFE023 /* Resources */ = {
			isa = PBXResourcesBuildPhase;
			buildActionMask = 2147483647;
			files = (
			);
			runOnlyForDeploymentPostprocessing = 0;
		};
/* End PBXResourcesBuildPhase section */

/* Begin PBXSourcesBuildPhase section */
		1A000FF8 /* Sources */ = {
			isa = PBXSourcesBuildPhase;
			buildActionMask = 2147483647;
			files = (
				1A001004 /* MainViewController.swift in Sources */,
				1A001000 /* AppDelegate.swift in Sources */,
				1A001002 /* SceneDelegate.swift in Sources */,
				1A00100F /* HealerKit.xcdatamodeld in Sources */,
			);
			runOnlyForDeploymentPostprocessing = 0;
		};
		1A001011 /* Sources */ = {
			isa = PBXSourcesBuildPhase;
			buildActionMask = 2147483647;
			files = (
				1A002000 /* DungeonKit.swift in Sources */,
				1AFD1001 /* Services/DungeonDataProvider.swift in Sources */,
				1AFD1002 /* Services/SeasonDataProvider.swift in Sources */,
			);
			runOnlyForDeploymentPostprocessing = 0;
		};
		1A00102S /* Sources */ = {
			isa = PBXSourcesBuildPhase;
			buildActionMask = 2147483647;
			files = (
				1A003000 /* AbilityKit.swift in Sources */,
				1AFD1003 /* SharedTypes.swift in Sources */,
			);
			runOnlyForDeploymentPostprocessing = 0;
		};
		1A00103S /* Sources */ = {
			isa = PBXSourcesBuildPhase;
			buildActionMask = 2147483647;
			files = (
				1A004000 /* HealerUIKit.swift in Sources */,
				1AFD1004 /* SharedTypes.swift in Sources */,
			);
			runOnlyForDeploymentPostprocessing = 0;
		};
		1A001051 /* Sources */ = {
			isa = PBXSourcesBuildPhase;
			buildActionMask = 2147483647;
			files = (
				DD8014840002 /* DungeonTests.swift in Sources */,
				DD8014840004 /* BossEncounterTests.swift in Sources */,
				DD8014840006 /* SeasonTests.swift in Sources */,
			);
			runOnlyForDeploymentPostprocessing = 0;
		};
		1A001061 /* Sources */ = {
			isa = PBXSourcesBuildPhase;
			buildActionMask = 2147483647;
			files = (
			);
			runOnlyForDeploymentPostprocessing = 0;
		};
		1A001071 /* Sources */ = {
			isa = PBXSourcesBuildPhase;
			buildActionMask = 2147483647;
			files = (
			);
			runOnlyForDeploymentPostprocessing = 0;
		};
		1A0010A1 /* Sources */ = {
			isa = PBXSourcesBuildPhase;
			buildActionMask = 2147483647;
			files = (
				1AFFB048 /* HealerKitTests.swift in Sources */,
				1A001094 /* IntegrationTests.swift in Sources */,
			);
			runOnlyForDeploymentPostprocessing = 0;
		};
/* End PBXSourcesBuildPhase section */

/* Begin PBXTargetDependency section */
		1AFFD003 /* PBXTargetDependency */ = {
			isa = PBXTargetDependency;
			target = 1A001034 /* HealerUIKit */;
			targetProxy = A194BCD32E7873C400DC3B4F /* PBXContainerItemProxy */;
		};
		1AFFD004 /* PBXTargetDependency */ = {
			isa = PBXTargetDependency;
			target = 1A000FFB /* HealerKit */;
			targetProxy = A194BCD42E7873C400DC3B4F /* PBXContainerItemProxy */;
		};
		1AFFD005 /* PBXTargetDependency */ = {
			isa = PBXTargetDependency;
			target = 1A001014 /* DungeonKit */;
			targetProxy = A194BCD72E7873C400DC3B4F /* PBXContainerItemProxy */;
		};
		1AFFD006 /* PBXTargetDependency */ = {
			isa = PBXTargetDependency;
			target = 1A001024 /* AbilityKit */;
			targetProxy = A194BCD52E7873C400DC3B4F /* PBXContainerItemProxy */;
		};
		1AFFD007 /* PBXTargetDependency */ = {
			isa = PBXTargetDependency;
			target = 1A001034 /* HealerUIKit */;
			targetProxy = A194BCD62E7873C400DC3B4F /* PBXContainerItemProxy */;
		};
		1AFFD008 /* PBXTargetDependency */ = {
			isa = PBXTargetDependency;
			target = 1A001014 /* DungeonKit */;
			targetProxy = A194BCD22E7873C400DC3B4F /* PBXContainerItemProxy */;
		};
		1AFFD009 /* PBXTargetDependency */ = {
			isa = PBXTargetDependency;
			target = 1A001024 /* AbilityKit */;
			targetProxy = A194BCD12E7873C400DC3B4F /* PBXContainerItemProxy */;
		};
/* End PBXTargetDependency section */

/* Begin PBXVariantGroup section */
		1A001005 /* Main.storyboard */ = {
			isa = PBXVariantGroup;
			children = (
				1A001006 /* Base */,
			);
			name = Main.storyboard;
			sourceTree = "<group>";
		};
		1A00100A /* LaunchScreen.storyboard */ = {
			isa = PBXVariantGroup;
			children = (
				1A00100B /* Base */,
			);
			name = LaunchScreen.storyboard;
			sourceTree = "<group>";
		};
/* End PBXVariantGroup section */

/* Begin XCBuildConfiguration section */
		1A00101A /* Debug */ = {
			isa = XCBuildConfiguration;
			buildSettings = {
				ALWAYS_SEARCH_USER_PATHS = NO;
				ASSETCATALOG_COMPILER_GENERATE_SWIFT_ASSET_SYMBOL_EXTENSIONS = YES;
				CLANG_ANALYZER_NONNULL = YES;
				CLANG_ANALYZER_NUMBER_OBJECT_CONVERSION = YES_AGGRESSIVE;
				CLANG_CXX_LANGUAGE_STANDARD = "gnu++20";
				CLANG_ENABLE_MODULES = YES;
				CLANG_ENABLE_OBJC_ARC = YES;
				CLANG_ENABLE_OBJC_WEAK = YES;
				CLANG_WARN_BLOCK_CAPTURE_AUTORELEASING = YES;
				CLANG_WARN_BOOL_CONVERSION = YES;
				CLANG_WARN_COMMA = YES;
				CLANG_WARN_CONSTANT_CONVERSION = YES;
				CLANG_WARN_DEPRECATED_OBJC_IMPLEMENTATIONS = YES;
				CLANG_WARN_DIRECT_OBJC_ISA_USAGE = YES_ERROR;
				CLANG_WARN_DOCUMENTATION_COMMENTS = YES;
				CLANG_WARN_EMPTY_BODY = YES;
				CLANG_WARN_ENUM_CONVERSION = YES;
				CLANG_WARN_INFINITE_RECURSION = YES;
				CLANG_WARN_INT_CONVERSION = YES;
				CLANG_WARN_NON_LITERAL_NULL_CONVERSION = YES;
				CLANG_WARN_OBJC_IMPLICIT_RETAIN_SELF = YES;
				CLANG_WARN_OBJC_LITERAL_CONVERSION = YES;
				CLANG_WARN_OBJC_ROOT_CLASS = YES_ERROR;
				CLANG_WARN_QUOTED_INCLUDE_IN_FRAMEWORK_HEADER = YES;
				CLANG_WARN_RANGE_LOOP_ANALYSIS = YES;
				CLANG_WARN_STRICT_PROTOTYPES = YES;
				CLANG_WARN_SUSPICIOUS_MOVE = YES;
				CLANG_WARN_UNGUARDED_AVAILABILITY = YES_AGGRESSIVE;
				CLANG_WARN_UNREACHABLE_CODE = YES;
				CLANG_WARN__DUPLICATE_METHOD_MATCH = YES;
				COPY_PHASE_STRIP = NO;
				DEBUG_INFORMATION_FORMAT = dwarf;
				ENABLE_STRICT_OBJC_MSGSEND = YES;
				ENABLE_TESTABILITY = YES;
				ENABLE_USER_SCRIPT_SANDBOXING = YES;
				GCC_C_LANGUAGE_STANDARD = gnu17;
				GCC_DYNAMIC_NO_PIC = NO;
				GCC_NO_COMMON_BLOCKS = YES;
				GCC_OPTIMIZATION_LEVEL = 0;
				GCC_PREPROCESSOR_DEFINITIONS = (
					"DEBUG=1",
					"$(inherited)",
				);
				GCC_WARN_64_TO_32_BIT_CONVERSION = YES;
				GCC_WARN_ABOUT_RETURN_TYPE = YES_ERROR;
				GCC_WARN_UNDECLARED_SELECTOR = YES;
				GCC_WARN_UNINITIALIZED_AUTOS = YES_AGGRESSIVE;
				GCC_WARN_UNUSED_FUNCTION = YES;
				GCC_WARN_UNUSED_VARIABLE = YES;
				IPHONEOS_DEPLOYMENT_TARGET = 13.1;
				LOCALIZATION_PREFERS_STRING_CATALOGS = YES;
				MTL_ENABLE_DEBUG_INFO = INCLUDE_SOURCE;
				MTL_FAST_MATH = YES;
				ONLY_ACTIVE_ARCH = YES;
				SDKROOT = iphoneos;
				SWIFT_ACTIVE_COMPILATION_CONDITIONS = "DEBUG $(inherited)";
				SWIFT_OPTIMIZATION_LEVEL = "-Onone";
				SWIFT_VERSION = 5.9;
			};
			name = Debug;
		};
		1A00101B /* Release */ = {
			isa = XCBuildConfiguration;
			buildSettings = {
				ALWAYS_SEARCH_USER_PATHS = NO;
				ASSETCATALOG_COMPILER_GENERATE_SWIFT_ASSET_SYMBOL_EXTENSIONS = YES;
				CLANG_ANALYZER_NONNULL = YES;
				CLANG_ANALYZER_NUMBER_OBJECT_CONVERSION = YES_AGGRESSIVE;
				CLANG_CXX_LANGUAGE_STANDARD = "gnu++20";
				CLANG_ENABLE_MODULES = YES;
				CLANG_ENABLE_OBJC_ARC = YES;
				CLANG_ENABLE_OBJC_WEAK = YES;
				CLANG_WARN_BLOCK_CAPTURE_AUTORELEASING = YES;
				CLANG_WARN_BOOL_CONVERSION = YES;
				CLANG_WARN_COMMA = YES;
				CLANG_WARN_CONSTANT_CONVERSION = YES;
				CLANG_WARN_DEPRECATED_OBJC_IMPLEMENTATIONS = YES;
				CLANG_WARN_DIRECT_OBJC_ISA_USAGE = YES_ERROR;
				CLANG_WARN_DOCUMENTATION_COMMENTS = YES;
				CLANG_WARN_EMPTY_BODY = YES;
				CLANG_WARN_ENUM_CONVERSION = YES;
				CLANG_WARN_INFINITE_RECURSION = YES;
				CLANG_WARN_INT_CONVERSION = YES;
				CLANG_WARN_NON_LITERAL_NULL_CONVERSION = YES;
				CLANG_WARN_OBJC_IMPLICIT_RETAIN_SELF = YES;
				CLANG_WARN_OBJC_LITERAL_CONVERSION = YES;
				CLANG_WARN_OBJC_ROOT_CLASS = YES_ERROR;
				CLANG_WARN_QUOTED_INCLUDE_IN_FRAMEWORK_HEADER = YES;
				CLANG_WARN_RANGE_LOOP_ANALYSIS = YES;
				CLANG_WARN_STRICT_PROTOTYPES = YES;
				CLANG_WARN_SUSPICIOUS_MOVE = YES;
				CLANG_WARN_UNGUARDED_AVAILABILITY = YES_AGGRESSIVE;
				CLANG_WARN_UNREACHABLE_CODE = YES;
				CLANG_WARN__DUPLICATE_METHOD_MATCH = YES;
				COPY_PHASE_STRIP = NO;
				DEBUG_INFORMATION_FORMAT = "dwarf-with-dsym";
				ENABLE_NS_ASSERTIONS = NO;
				ENABLE_STRICT_OBJC_MSGSEND = YES;
				ENABLE_USER_SCRIPT_SANDBOXING = YES;
				GCC_C_LANGUAGE_STANDARD = gnu17;
				GCC_NO_COMMON_BLOCKS = YES;
				GCC_WARN_64_TO_32_BIT_CONVERSION = YES;
				GCC_WARN_ABOUT_RETURN_TYPE = YES_ERROR;
				GCC_WARN_UNDECLARED_SELECTOR = YES;
				GCC_WARN_UNINITIALIZED_AUTOS = YES_AGGRESSIVE;
				GCC_WARN_UNUSED_FUNCTION = YES;
				GCC_WARN_UNUSED_VARIABLE = YES;
				IPHONEOS_DEPLOYMENT_TARGET = 13.1;
				LOCALIZATION_PREFERS_STRING_CATALOGS = YES;
				MTL_ENABLE_DEBUG_INFO = NO;
				MTL_FAST_MATH = YES;
				SDKROOT = iphoneos;
				SWIFT_COMPILATION_MODE = wholemodule;
				SWIFT_VERSION = 5.9;
				VALIDATE_PRODUCT = YES;
			};
			name = Release;
		};
		1A00101D /* Debug */ = {
			isa = XCBuildConfiguration;
			buildSettings = {
				CODE_SIGN_STYLE = Automatic;
				CURRENT_PROJECT_VERSION = 1;
				DEFINES_MODULE = YES;
				DYLIB_COMPATIBILITY_VERSION = 1;
				DYLIB_CURRENT_VERSION = 1;
				DYLIB_INSTALL_NAME_BASE = "@rpath";
				ENABLE_MODULE_VERIFIER = YES;
				GENERATE_INFOPLIST_FILE = YES;
				INFOPLIST_KEY_NSHumanReadableCopyright = "";
				INSTALL_PATH = "$(LOCAL_LIBRARY_DIR)/Frameworks";
				IPHONEOS_DEPLOYMENT_TARGET = 13.1;
				LD_RUNPATH_SEARCH_PATHS = (
					"$(inherited)",
					"@executable_path/Frameworks",
					"@loader_path/Frameworks",
				);
				MARKETING_VERSION = 1.0;
				MODULE_VERIFIER_SUPPORTED_LANGUAGES = "objective-c objective-c++";
				MODULE_VERIFIER_SUPPORTED_LANGUAGE_STANDARDS = "gnu17 gnu++20";
				PRODUCT_BUNDLE_IDENTIFIER = com.healerkit.DungeonKit;
				PRODUCT_NAME = "$(TARGET_NAME)";
				SKIP_INSTALL = YES;
				SWIFT_EMIT_LOC_STRINGS = YES;
				SWIFT_VERSION = 5.9;
				TARGETED_DEVICE_FAMILY = 2;
			};
			name = Debug;
		};
		1A00101E /* Release */ = {
			isa = XCBuildConfiguration;
			buildSettings = {
				CODE_SIGN_STYLE = Automatic;
				CURRENT_PROJECT_VERSION = 1;
				DEFINES_MODULE = YES;
				DYLIB_COMPATIBILITY_VERSION = 1;
				DYLIB_CURRENT_VERSION = 1;
				DYLIB_INSTALL_NAME_BASE = "@rpath";
				ENABLE_MODULE_VERIFIER = YES;
				GENERATE_INFOPLIST_FILE = YES;
				INFOPLIST_KEY_NSHumanReadableCopyright = "";
				INSTALL_PATH = "$(LOCAL_LIBRARY_DIR)/Frameworks";
				IPHONEOS_DEPLOYMENT_TARGET = 13.1;
				LD_RUNPATH_SEARCH_PATHS = (
					"$(inherited)",
					"@executable_path/Frameworks",
					"@loader_path/Frameworks",
				);
				MARKETING_VERSION = 1.0;
				MODULE_VERIFIER_SUPPORTED_LANGUAGES = "objective-c objective-c++";
				MODULE_VERIFIER_SUPPORTED_LANGUAGE_STANDARDS = "gnu17 gnu++20";
				PRODUCT_BUNDLE_IDENTIFIER = com.healerkit.DungeonKit;
				PRODUCT_NAME = "$(TARGET_NAME)";
				SKIP_INSTALL = YES;
				SWIFT_EMIT_LOC_STRINGS = YES;
				SWIFT_VERSION = 5.9;
				TARGETED_DEVICE_FAMILY = 2;
			};
			name = Release;
		};
		1A00102D /* Debug */ = {
			isa = XCBuildConfiguration;
			buildSettings = {
				CODE_SIGN_STYLE = Automatic;
				CURRENT_PROJECT_VERSION = 1;
				DEFINES_MODULE = YES;
				DYLIB_COMPATIBILITY_VERSION = 1;
				DYLIB_CURRENT_VERSION = 1;
				DYLIB_INSTALL_NAME_BASE = "@rpath";
				ENABLE_MODULE_VERIFIER = YES;
				GENERATE_INFOPLIST_FILE = YES;
				INFOPLIST_KEY_NSHumanReadableCopyright = "";
				INSTALL_PATH = "$(LOCAL_LIBRARY_DIR)/Frameworks";
				IPHONEOS_DEPLOYMENT_TARGET = 13.1;
				LD_RUNPATH_SEARCH_PATHS = (
					"$(inherited)",
					"@executable_path/Frameworks",
					"@loader_path/Frameworks",
				);
				MARKETING_VERSION = 1.0;
				MODULE_VERIFIER_SUPPORTED_LANGUAGES = "objective-c objective-c++";
				MODULE_VERIFIER_SUPPORTED_LANGUAGE_STANDARDS = "gnu17 gnu++20";
				PRODUCT_BUNDLE_IDENTIFIER = com.healerkit.AbilityKit;
				PRODUCT_NAME = "$(TARGET_NAME)";
				SKIP_INSTALL = YES;
				SWIFT_EMIT_LOC_STRINGS = YES;
				SWIFT_VERSION = 5.9;
				TARGETED_DEVICE_FAMILY = 2;
			};
			name = Debug;
		};
		1A00102E /* Release */ = {
			isa = XCBuildConfiguration;
			buildSettings = {
				CODE_SIGN_STYLE = Automatic;
				CURRENT_PROJECT_VERSION = 1;
				DEFINES_MODULE = YES;
				DYLIB_COMPATIBILITY_VERSION = 1;
				DYLIB_CURRENT_VERSION = 1;
				DYLIB_INSTALL_NAME_BASE = "@rpath";
				ENABLE_MODULE_VERIFIER = YES;
				GENERATE_INFOPLIST_FILE = YES;
				INFOPLIST_KEY_NSHumanReadableCopyright = "";
				INSTALL_PATH = "$(LOCAL_LIBRARY_DIR)/Frameworks";
				IPHONEOS_DEPLOYMENT_TARGET = 13.1;
				LD_RUNPATH_SEARCH_PATHS = (
					"$(inherited)",
					"@executable_path/Frameworks",
					"@loader_path/Frameworks",
				);
				MARKETING_VERSION = 1.0;
				MODULE_VERIFIER_SUPPORTED_LANGUAGES = "objective-c objective-c++";
				MODULE_VERIFIER_SUPPORTED_LANGUAGE_STANDARDS = "gnu17 gnu++20";
				PRODUCT_BUNDLE_IDENTIFIER = com.healerkit.AbilityKit;
				PRODUCT_NAME = "$(TARGET_NAME)";
				SKIP_INSTALL = YES;
				SWIFT_EMIT_LOC_STRINGS = YES;
				SWIFT_VERSION = 5.9;
				TARGETED_DEVICE_FAMILY = 2;
			};
			name = Release;
		};
		1A00103D /* Debug */ = {
			isa = XCBuildConfiguration;
			buildSettings = {
				CODE_SIGN_STYLE = Automatic;
				CURRENT_PROJECT_VERSION = 1;
				DEFINES_MODULE = YES;
				DYLIB_COMPATIBILITY_VERSION = 1;
				DYLIB_CURRENT_VERSION = 1;
				DYLIB_INSTALL_NAME_BASE = "@rpath";
				ENABLE_MODULE_VERIFIER = YES;
				GENERATE_INFOPLIST_FILE = YES;
				INFOPLIST_KEY_NSHumanReadableCopyright = "";
				INSTALL_PATH = "$(LOCAL_LIBRARY_DIR)/Frameworks";
				IPHONEOS_DEPLOYMENT_TARGET = 13.1;
				LD_RUNPATH_SEARCH_PATHS = (
					"$(inherited)",
					"@executable_path/Frameworks",
					"@loader_path/Frameworks",
				);
				MARKETING_VERSION = 1.0;
				MODULE_VERIFIER_SUPPORTED_LANGUAGES = "objective-c objective-c++";
				MODULE_VERIFIER_SUPPORTED_LANGUAGE_STANDARDS = "gnu17 gnu++20";
				PRODUCT_BUNDLE_IDENTIFIER = com.healerkit.HealerUIKit;
				PRODUCT_NAME = "$(TARGET_NAME)";
				SKIP_INSTALL = YES;
				SWIFT_EMIT_LOC_STRINGS = YES;
				SWIFT_VERSION = 5.9;
				TARGETED_DEVICE_FAMILY = 2;
			};
			name = Debug;
		};
		1A00103E /* Release */ = {
			isa = XCBuildConfiguration;
			buildSettings = {
				CODE_SIGN_STYLE = Automatic;
				CURRENT_PROJECT_VERSION = 1;
				DEFINES_MODULE = YES;
				DYLIB_COMPATIBILITY_VERSION = 1;
				DYLIB_CURRENT_VERSION = 1;
				DYLIB_INSTALL_NAME_BASE = "@rpath";
				ENABLE_MODULE_VERIFIER = YES;
				GENERATE_INFOPLIST_FILE = YES;
				INFOPLIST_KEY_NSHumanReadableCopyright = "";
				INSTALL_PATH = "$(LOCAL_LIBRARY_DIR)/Frameworks";
				IPHONEOS_DEPLOYMENT_TARGET = 13.1;
				LD_RUNPATH_SEARCH_PATHS = (
					"$(inherited)",
					"@executable_path/Frameworks",
					"@loader_path/Frameworks",
				);
				MARKETING_VERSION = 1.0;
				MODULE_VERIFIER_SUPPORTED_LANGUAGES = "objective-c objective-c++";
				MODULE_VERIFIER_SUPPORTED_LANGUAGE_STANDARDS = "gnu17 gnu++20";
				PRODUCT_BUNDLE_IDENTIFIER = com.healerkit.HealerUIKit;
				PRODUCT_NAME = "$(TARGET_NAME)";
				SKIP_INSTALL = YES;
				SWIFT_EMIT_LOC_STRINGS = YES;
				SWIFT_VERSION = 5.9;
				TARGETED_DEVICE_FAMILY = 2;
			};
			name = Release;
		};
		1A00104D /* Debug */ = {
			isa = XCBuildConfiguration;
			buildSettings = {
				BUNDLE_LOADER = "$(TEST_HOST)";
				CODE_SIGN_STYLE = Automatic;
				CURRENT_PROJECT_VERSION = 1;
				GENERATE_INFOPLIST_FILE = YES;
				IPHONEOS_DEPLOYMENT_TARGET = 13.1;
				MARKETING_VERSION = 1.0;
				PRODUCT_BUNDLE_IDENTIFIER = com.healerkit.HealerKitTests;
				PRODUCT_NAME = "$(TARGET_NAME)";
				SWIFT_EMIT_LOC_STRINGS = NO;
				SWIFT_VERSION = 5.9;
				TARGETED_DEVICE_FAMILY = 2;
				TEST_HOST = "$(BUILT_PRODUCTS_DIR)/HealerKit.app/$(BUNDLE_EXECUTABLE_FOLDER_PATH)/HealerKit";
			};
			name = Debug;
		};
		1A00104E /* Release */ = {
			isa = XCBuildConfiguration;
			buildSettings = {
				BUNDLE_LOADER = "$(TEST_HOST)";
				CODE_SIGN_STYLE = Automatic;
				CURRENT_PROJECT_VERSION = 1;
				GENERATE_INFOPLIST_FILE = YES;
				IPHONEOS_DEPLOYMENT_TARGET = 13.1;
				MARKETING_VERSION = 1.0;
				PRODUCT_BUNDLE_IDENTIFIER = com.healerkit.HealerKitTests;
				PRODUCT_NAME = "$(TARGET_NAME)";
				SWIFT_EMIT_LOC_STRINGS = NO;
				SWIFT_VERSION = 5.9;
				TARGETED_DEVICE_FAMILY = 2;
				TEST_HOST = "$(BUILT_PRODUCTS_DIR)/HealerKit.app/$(BUNDLE_EXECUTABLE_FOLDER_PATH)/HealerKit";
			};
			name = Release;
		};
		1A00105D /* Debug */ = {
			isa = XCBuildConfiguration;
			buildSettings = {
				CODE_SIGN_STYLE = Automatic;
				CURRENT_PROJECT_VERSION = 1;
				GENERATE_INFOPLIST_FILE = YES;
				IPHONEOS_DEPLOYMENT_TARGET = 13.1;
				MARKETING_VERSION = 1.0;
				PRODUCT_BUNDLE_IDENTIFIER = com.healerkit.DungeonKitTests;
				PRODUCT_NAME = "$(TARGET_NAME)";
				SWIFT_EMIT_LOC_STRINGS = NO;
				SWIFT_VERSION = 5.9;
				TARGETED_DEVICE_FAMILY = 2;
			};
			name = Debug;
		};
		1A00105E /* Release */ = {
			isa = XCBuildConfiguration;
			buildSettings = {
				CODE_SIGN_STYLE = Automatic;
				CURRENT_PROJECT_VERSION = 1;
				GENERATE_INFOPLIST_FILE = YES;
				IPHONEOS_DEPLOYMENT_TARGET = 13.1;
				MARKETING_VERSION = 1.0;
				PRODUCT_BUNDLE_IDENTIFIER = com.healerkit.DungeonKitTests;
				PRODUCT_NAME = "$(TARGET_NAME)";
				SWIFT_EMIT_LOC_STRINGS = NO;
				SWIFT_VERSION = 5.9;
				TARGETED_DEVICE_FAMILY = 2;
			};
			name = Release;
		};
		1A00106D /* Debug */ = {
			isa = XCBuildConfiguration;
			buildSettings = {
				CODE_SIGN_STYLE = Automatic;
				CURRENT_PROJECT_VERSION = 1;
				GENERATE_INFOPLIST_FILE = YES;
				IPHONEOS_DEPLOYMENT_TARGET = 13.1;
				MARKETING_VERSION = 1.0;
				PRODUCT_BUNDLE_IDENTIFIER = com.healerkit.AbilityKitTests;
				PRODUCT_NAME = "$(TARGET_NAME)";
				SWIFT_EMIT_LOC_STRINGS = NO;
				SWIFT_VERSION = 5.9;
				TARGETED_DEVICE_FAMILY = 2;
			};
			name = Debug;
		};
		1A00106E /* Release */ = {
			isa = XCBuildConfiguration;
			buildSettings = {
				CODE_SIGN_STYLE = Automatic;
				CURRENT_PROJECT_VERSION = 1;
				GENERATE_INFOPLIST_FILE = YES;
				IPHONEOS_DEPLOYMENT_TARGET = 13.1;
				MARKETING_VERSION = 1.0;
				PRODUCT_BUNDLE_IDENTIFIER = com.healerkit.AbilityKitTests;
				PRODUCT_NAME = "$(TARGET_NAME)";
				SWIFT_EMIT_LOC_STRINGS = NO;
				SWIFT_VERSION = 5.9;
				TARGETED_DEVICE_FAMILY = 2;
			};
			name = Release;
		};
		1A00107D /* Debug */ = {
			isa = XCBuildConfiguration;
			buildSettings = {
				CODE_SIGN_STYLE = Automatic;
				CURRENT_PROJECT_VERSION = 1;
				GENERATE_INFOPLIST_FILE = YES;
				IPHONEOS_DEPLOYMENT_TARGET = 13.1;
				MARKETING_VERSION = 1.0;
				PRODUCT_BUNDLE_IDENTIFIER = com.healerkit.HealerUIKitTests;
				PRODUCT_NAME = "$(TARGET_NAME)";
				SWIFT_EMIT_LOC_STRINGS = NO;
				SWIFT_VERSION = 5.9;
				TARGETED_DEVICE_FAMILY = 2;
			};
			name = Debug;
		};
		1A00107E /* Release */ = {
			isa = XCBuildConfiguration;
			buildSettings = {
				CODE_SIGN_STYLE = Automatic;
				CURRENT_PROJECT_VERSION = 1;
				GENERATE_INFOPLIST_FILE = YES;
				IPHONEOS_DEPLOYMENT_TARGET = 13.1;
				MARKETING_VERSION = 1.0;
				PRODUCT_BUNDLE_IDENTIFIER = com.healerkit.HealerUIKitTests;
				PRODUCT_NAME = "$(TARGET_NAME)";
				SWIFT_EMIT_LOC_STRINGS = NO;
				SWIFT_VERSION = 5.9;
				TARGETED_DEVICE_FAMILY = 2;
			};
			name = Release;
		};
		1A00108F /* Debug */ = {
			isa = XCBuildConfiguration;
			buildSettings = {
				ASSETCATALOG_COMPILER_APPICON_NAME = AppIcon;
				ASSETCATALOG_COMPILER_GLOBAL_ACCENT_COLOR_NAME = AccentColor;
				CODE_SIGN_STYLE = Automatic;
				CURRENT_PROJECT_VERSION = 1;
				DEVELOPMENT_TEAM = XY32J264UQ;
				GENERATE_INFOPLIST_FILE = NO;
				INFOPLIST_FILE = HealerKit/Info.plist;
				INFOPLIST_KEY_UIApplicationSupportsIndirectInputEvents = YES;
				INFOPLIST_KEY_UILaunchStoryboardName = LaunchScreen;
				INFOPLIST_KEY_UIMainStoryboardFile = Main;
				INFOPLIST_KEY_UISupportedInterfaceOrientations = "UIInterfaceOrientationPortrait UIInterfaceOrientationLandscapeLeft UIInterfaceOrientationLandscapeRight";
				INFOPLIST_KEY_UISupportsDocumentBrowser = NO;
				IPHONEOS_DEPLOYMENT_TARGET = 13.1;
				LD_RUNPATH_SEARCH_PATHS = (
					"$(inherited)",
					"@executable_path/Frameworks",
				);
				MARKETING_VERSION = 1.0;
				PRODUCT_BUNDLE_IDENTIFIER = com.healerkit.HealerKit;
				PRODUCT_NAME = "$(TARGET_NAME)";
				SWIFT_EMIT_LOC_STRINGS = YES;
				SWIFT_VERSION = 5.9;
				TARGETED_DEVICE_FAMILY = 2;
			};
			name = Debug;
		};
		1A00R090 /* Release */ = {
			isa = XCBuildConfiguration;
			buildSettings = {
				ASSETCATALOG_COMPILER_APPICON_NAME = AppIcon;
				ASSETCATALOG_COMPILER_GLOBAL_ACCENT_COLOR_NAME = AccentColor;
				CODE_SIGN_STYLE = Automatic;
				CURRENT_PROJECT_VERSION = 1;
				DEVELOPMENT_TEAM = XY32J264UQ;
				GENERATE_INFOPLIST_FILE = NO;
				INFOPLIST_FILE = HealerKit/Info.plist;
				INFOPLIST_KEY_UIApplicationSupportsIndirectInputEvents = YES;
				INFOPLIST_KEY_UILaunchStoryboardName = LaunchScreen;
				INFOPLIST_KEY_UIMainStoryboardFile = Main;
				INFOPLIST_KEY_UISupportedInterfaceOrientations = "UIInterfaceOrientationPortrait UIInterfaceOrientationLandscapeLeft UIInterfaceOrientationLandscapeRight";
				INFOPLIST_KEY_UISupportsDocumentBrowser = NO;
				IPHONEOS_DEPLOYMENT_TARGET = 13.1;
				LD_RUNPATH_SEARCH_PATHS = (
					"$(inherited)",
					"@executable_path/Frameworks",
				);
				MARKETING_VERSION = 1.0;
				PRODUCT_BUNDLE_IDENTIFIER = com.healerkit.HealerKit;
				PRODUCT_NAME = "$(TARGET_NAME)";
				SWIFT_EMIT_LOC_STRINGS = YES;
				SWIFT_VERSION = 5.9;
				TARGETED_DEVICE_FAMILY = 2;
			};
			name = Release;
		};
/* End XCBuildConfiguration section */

/* Begin XCConfigurationList section */
		1A000FF7 /* Build configuration list for PBXProject "HealerKit" */ = {
			isa = XCConfigurationList;
			buildConfigurations = (
				1A00101A /* Debug */,
				1A00101B /* Release */,
			);
			defaultConfigurationIsVisible = 0;
			defaultConfigurationName = Release;
		};
		1A00101C /* Build configuration list for PBXNativeTarget "DungeonKit" */ = {
			isa = XCConfigurationList;
			buildConfigurations = (
				1A00101D /* Debug */,
				1A00101E /* Release */,
			);
			defaultConfigurationIsVisible = 0;
			defaultConfigurationName = Release;
		};
		1A00102C /* Build configuration list for PBXNativeTarget "AbilityKit" */ = {
			isa = XCConfigurationList;
			buildConfigurations = (
				1A00102D /* Debug */,
				1A00102E /* Release */,
			);
			defaultConfigurationIsVisible = 0;
			defaultConfigurationName = Release;
		};
		1A00103C /* Build configuration list for PBXNativeTarget "HealerUIKit" */ = {
			isa = XCConfigurationList;
			buildConfigurations = (
				1A00103D /* Debug */,
				1A00103E /* Release */,
			);
			defaultConfigurationIsVisible = 0;
			defaultConfigurationName = Release;
		};
		1A00104C /* Build configuration list for PBXNativeTarget "HealerKitTests" */ = {
			isa = XCConfigurationList;
			buildConfigurations = (
				1A00104D /* Debug */,
				1A00104E /* Release */,
			);
			defaultConfigurationIsVisible = 0;
			defaultConfigurationName = Release;
		};
		1A00105C /* Build configuration list for PBXNativeTarget "DungeonKitTests" */ = {
			isa = XCConfigurationList;
			buildConfigurations = (
				1A00105D /* Debug */,
				1A00105E /* Release */,
			);
			defaultConfigurationIsVisible = 0;
			defaultConfigurationName = Release;
		};
		1A00106C /* Build configuration list for PBXNativeTarget "AbilityKitTests" */ = {
			isa = XCConfigurationList;
			buildConfigurations = (
				1A00106D /* Debug */,
				1A00106E /* Release */,
			);
			defaultConfigurationIsVisible = 0;
			defaultConfigurationName = Release;
		};
		1A00107C /* Build configuration list for PBXNativeTarget "HealerUIKitTests" */ = {
			isa = XCConfigurationList;
			buildConfigurations = (
				1A00107D /* Debug */,
				1A00107E /* Release */,
			);
			defaultConfigurationIsVisible = 0;
			defaultConfigurationName = Release;
		};
		1A00108E /* Build configuration list for PBXNativeTarget "HealerKit" */ = {
			isa = XCConfigurationList;
			buildConfigurations = (
				1A00108F /* Debug */,
				1A00R090 /* Release */,
			);
			defaultConfigurationIsVisible = 0;
			defaultConfigurationName = Release;
		};
/* End XCConfigurationList section */

/* Begin XCVersionGroup section */
		1A00100D /* HealerKit.xcdatamodeld */ = {
			isa = XCVersionGroup;
			children = (
				1A00100E /* HealerKit.xcdatamodel */,
			);
			currentVersion = 1A00100E /* HealerKit.xcdatamodel */;
			path = HealerKit.xcdatamodeld;
			sourceTree = "<group>";
			versionGroupType = wrapper.xcdatamodel;
		};
/* End XCVersionGroup section */
	};
	rootObject = 1A000FF4 /* Project object */;
}
